
Microsoft Visual Studio Solution File, Format Version 12.00
# Visual Studio 15
VisualStudioVersion = 15.0.28307.489
MinimumVisualStudioVersion = 10.0.40219.1
Project("{FAE04EC0-301F-11D3-BF4B-00C04F79EFBC}") = "EncapsulationBankAccount.Entities", "EncapsulationBankAccount.Entities\EncapsulationBankAccount.Entities.csproj", "{18EC42E6-B94D-4075-8E6A-D3555FFDD666}"
EndProject
Project("{FAE04EC0-301F-11D3-BF4B-00C04F79EFBC}") = "EncapsulationBankAccount.EntitiesTests", "EncapsulationBankAccount.Entities.Tests\EncapsulationBankAccount.EntitiesTests.csproj", "{3432CD29-3AC3-4A6F-955F-25497BBA916B}"
EndProject
Project("{FAE04EC0-301F-11D3-BF4B-00C04F79EFBC}") = "EncapsulationBankAccount.DataAccess", "EncapsulationBankAccount.DataAccess\EncapsulationBankAccount.DataAccess.csproj", "{1623CF00-DCE4-4FD1-AA35-93C423BA38D2}"
EndProject
Project("{FAE04EC0-301F-11D3-BF4B-00C04F79EFBC}") = "EncapsulationBankAccount.DataAccessTests", "EncapsulationBankAccount.DataAccessTests\EncapsulationBankAccount.DataAccessTests.csproj", "{F5630B32-F7E6-424E-B0AB-1EDF175F9D1A}"
EndProject
Project("{FAE04EC0-301F-11D3-BF4B-00C04F79EFBC}") = "EncapsulationBankAccount.SeedDatabase", "EncapsulationBankAccount.SeedDatabase\EncapsulationBankAccount.SeedDatabase.csproj", "{4DD55ACE-61F4-4D3A-A103-212B8EF764F2}"
EndProject
Project("{FAE04EC0-301F-11D3-BF4B-00C04F79EFBC}") = "EncapsulationBankAccount.UI", "EncapsulationBankAccount.UI\EncapsulationBankAccount.UI.csproj", "{C2267860-1E14-4762-A54B-2FDDC7F2C706}"
EndProject
Global
	GlobalSection(SolutionConfigurationPlatforms) = preSolution
		Debug|Any CPU = Debug|Any CPU
		Release|Any CPU = Release|Any CPU
	EndGlobalSection
	GlobalSection(ProjectConfigurationPlatforms) = postSolution
		{18EC42E6-B94D-4075-8E6A-D3555FFDD666}.Debug|Any CPU.ActiveCfg = Debug|Any CPU
		{18EC42E6-B94D-4075-8E6A-D3555FFDD666}.Debug|Any CPU.Build.0 = Debug|Any CPU
		{18EC42E6-B94D-4075-8E6A-D3555FFDD666}.Release|Any CPU.ActiveCfg = Release|Any CPU
		{18EC42E6-B94D-4075-8E6A-D3555FFDD666}.Release|Any CPU.Build.0 = Release|Any CPU
		{3432CD29-3AC3-4A6F-955F-25497BBA916B}.Debug|Any CPU.ActiveCfg = Debug|Any CPU
		{3432CD29-3AC3-4A6F-955F-25497BBA916B}.Debug|Any CPU.Build.0 = Debug|Any CPU
		{3432CD29-3AC3-4A6F-955F-25497BBA916B}.Release|Any CPU.ActiveCfg = Release|Any CPU
		{3432CD29-3AC3-4A6F-955F-25497BBA916B}.Release|Any CPU.Build.0 = Release|Any CPU
		{1623CF00-DCE4-4FD1-AA35-93C423BA38D2}.Debug|Any CPU.ActiveCfg = Debug|Any CPU
		{1623CF00-DCE4-4FD1-AA35-93C423BA38D2}.Debug|Any CPU.Build.0 = Debug|Any CPU
		{1623CF00-DCE4-4FD1-AA35-93C423BA38D2}.Release|Any CPU.ActiveCfg = Release|Any CPU
		{1623CF00-DCE4-4FD1-AA35-93C423BA38D2}.Release|Any CPU.Build.0 = Release|Any CPU
		{F5630B32-F7E6-424E-B0AB-1EDF175F9D1A}.Debug|Any CPU.ActiveCfg = Debug|Any CPU
		{F5630B32-F7E6-424E-B0AB-1EDF175F9D1A}.Debug|Any CPU.Build.0 = Debug|Any CPU
		{F5630B32-F7E6-424E-B0AB-1EDF175F9D1A}.Release|Any CPU.ActiveCfg = Release|Any CPU
		{F5630B32-F7E6-424E-B0AB-1EDF175F9D1A}.Release|Any CPU.Build.0 = Release|Any CPU
		{4DD55ACE-61F4-4D3A-A103-212B8EF764F2}.Debug|Any CPU.ActiveCfg = Debug|Any CPU
		{4DD55ACE-61F4-4D3A-A103-212B8EF764F2}.Debug|Any CPU.Build.0 = Debug|Any CPU
		{4DD55ACE-61F4-4D3A-A103-212B8EF764F2}.Release|Any CPU.ActiveCfg = Release|Any CPU
		{4DD55ACE-61F4-4D3A-A103-212B8EF764F2}.Release|Any CPU.Build.0 = Release|Any CPU
		{C2267860-1E14-4762-A54B-2FDDC7F2C706}.Debug|Any CPU.ActiveCfg = Debug|Any CPU
		{C2267860-1E14-4762-A54B-2FDDC7F2C706}.Debug|Any CPU.Build.0 = Debug|Any CPU
		{C2267860-1E14-4762-A54B-2FDDC7F2C706}.Release|Any CPU.ActiveCfg = Release|Any CPU
		{C2267860-1E14-4762-A54B-2FDDC7F2C706}.Release|Any CPU.Build.0 = Release|Any CPU
	EndGlobalSection
	GlobalSection(SolutionProperties) = preSolution
		HideSolutionNode = FALSE
	EndGlobalSection
	GlobalSection(ExtensibilityGlobals) = postSolution
		SolutionGuid = {2729402E-4E41-4B5F-A091-1026F03C9837}
	EndGlobalSection
EndGlobal
